
Microsoft Visual Studio Solution File, Format Version 12.00
# Visual Studio Version 16
VisualStudioVersion = 16.0.31702.278
MinimumVisualStudioVersion = 10.0.40219.1
Project("{FAE04EC0-301F-11D3-BF4B-00C04F79EFBC}") = "U08", "Task3\U08.csproj", "{9C1AD634-4E56-4327-A3A3-ED0712F1427B}"
EndProject
Project("{FAE04EC0-301F-11D3-BF4B-00C04F79EFBC}") = "LaudableLayout", "U11\LaudableLayout.csproj", "{944C56D9-B919-4A3C-8A81-6732F788CB49}"
EndProject
Project("{FAE04EC0-301F-11D3-BF4B-00C04F79EFBC}") = "LegendaryLayout", "LegendaryLayout\LegendaryLayout.csproj", "{D086CBFB-9BE9-49FD-9597-03771731DB11}"
EndProject
Project("{FAE04EC0-301F-11D3-BF4B-00C04F79EFBC}") = "WeatherPanel", "WeatherPanel\WeatherPanel.csproj", "{D7E624D2-4C2E-46B0-B613-BE1DAC58FA5F}"
EndProject
Global
	GlobalSection(SolutionConfigurationPlatforms) = preSolution
		Debug|ARM = Debug|ARM
		Debug|ARM64 = Debug|ARM64
		Debug|x64 = Debug|x64
		Debug|x86 = Debug|x86
		Release|ARM = Release|ARM
		Release|ARM64 = Release|ARM64
		Release|x64 = Release|x64
		Release|x86 = Release|x86
	EndGlobalSection
	GlobalSection(ProjectConfigurationPlatforms) = postSolution
		{9C1AD634-4E56-4327-A3A3-ED0712F1427B}.Debug|ARM.ActiveCfg = Debug|ARM
		{9C1AD634-4E56-4327-A3A3-ED0712F1427B}.Debug|ARM.Build.0 = Debug|ARM
		{9C1AD634-4E56-4327-A3A3-ED0712F1427B}.Debug|ARM.Deploy.0 = Debug|ARM
		{9C1AD634-4E56-4327-A3A3-ED0712F1427B}.Debug|ARM64.ActiveCfg = Debug|ARM64
		{9C1AD634-4E56-4327-A3A3-ED0712F1427B}.Debug|ARM64.Build.0 = Debug|ARM64
		{9C1AD634-4E56-4327-A3A3-ED0712F1427B}.Debug|ARM64.Deploy.0 = Debug|ARM64
		{9C1AD634-4E56-4327-A3A3-ED0712F1427B}.Debug|x64.ActiveCfg = Debug|x64
		{9C1AD634-4E56-4327-A3A3-ED0712F1427B}.Debug|x64.Build.0 = Debug|x64
		{9C1AD634-4E56-4327-A3A3-ED0712F1427B}.Debug|x64.Deploy.0 = Debug|x64
		{9C1AD634-4E56-4327-A3A3-ED0712F1427B}.Debug|x86.ActiveCfg = Debug|x86
		{9C1AD634-4E56-4327-A3A3-ED0712F1427B}.Debug|x86.Build.0 = Debug|x86
		{9C1AD634-4E56-4327-A3A3-ED0712F1427B}.Debug|x86.Deploy.0 = Debug|x86
		{9C1AD634-4E56-4327-A3A3-ED0712F1427B}.Release|ARM.ActiveCfg = Release|ARM
		{9C1AD634-4E56-4327-A3A3-ED0712F1427B}.Release|ARM.Build.0 = Release|ARM
		{9C1AD634-4E56-4327-A3A3-ED0712F1427B}.Release|ARM.Deploy.0 = Release|ARM
		{9C1AD634-4E56-4327-A3A3-ED0712F1427B}.Release|ARM64.ActiveCfg = Release|ARM64
		{9C1AD634-4E56-4327-A3A3-ED0712F1427B}.Release|ARM64.Build.0 = Release|ARM64
		{9C1AD634-4E56-4327-A3A3-ED0712F1427B}.Release|ARM64.Deploy.0 = Release|ARM64
		{9C1AD634-4E56-4327-A3A3-ED0712F1427B}.Release|x64.ActiveCfg = Release|x64
		{9C1AD634-4E56-4327-A3A3-ED0712F1427B}.Release|x64.Build.0 = Release|x64
		{9C1AD634-4E56-4327-A3A3-ED0712F1427B}.Release|x64.Deploy.0 = Release|x64
		{9C1AD634-4E56-4327-A3A3-ED0712F1427B}.Release|x86.ActiveCfg = Release|x86
		{9C1AD634-4E56-4327-A3A3-ED0712F1427B}.Release|x86.Build.0 = Release|x86
		{9C1AD634-4E56-4327-A3A3-ED0712F1427B}.Release|x86.Deploy.0 = Release|x86
		{944C56D9-B919-4A3C-8A81-6732F788CB49}.Debug|ARM.ActiveCfg = Debug|ARM
		{944C56D9-B919-4A3C-8A81-6732F788CB49}.Debug|ARM.Build.0 = Debug|ARM
		{944C56D9-B919-4A3C-8A81-6732F788CB49}.Debug|ARM.Deploy.0 = Debug|ARM
		{944C56D9-B919-4A3C-8A81-6732F788CB49}.Debug|ARM64.ActiveCfg = Debug|ARM64
		{944C56D9-B919-4A3C-8A81-6732F788CB49}.Debug|ARM64.Build.0 = Debug|ARM64
		{944C56D9-B919-4A3C-8A81-6732F788CB49}.Debug|ARM64.Deploy.0 = Debug|ARM64
		{944C56D9-B919-4A3C-8A81-6732F788CB49}.Debug|x64.ActiveCfg = Debug|x64
		{944C56D9-B919-4A3C-8A81-6732F788CB49}.Debug|x64.Build.0 = Debug|x64
		{944C56D9-B919-4A3C-8A81-6732F788CB49}.Debug|x64.Deploy.0 = Debug|x64
		{944C56D9-B919-4A3C-8A81-6732F788CB49}.Debug|x86.ActiveCfg = Debug|x86
		{944C56D9-B919-4A3C-8A81-6732F788CB49}.Debug|x86.Build.0 = Debug|x86
		{944C56D9-B919-4A3C-8A81-6732F788CB49}.Debug|x86.Deploy.0 = Debug|x86
		{944C56D9-B919-4A3C-8A81-6732F788CB49}.Release|ARM.ActiveCfg = Release|ARM
		{944C56D9-B919-4A3C-8A81-6732F788CB49}.Release|ARM.Build.0 = Release|ARM
		{944C56D9-B919-4A3C-8A81-6732F788CB49}.Release|ARM.Deploy.0 = Release|ARM
		{944C56D9-B919-4A3C-8A81-6732F788CB49}.Release|ARM64.ActiveCfg = Release|ARM64
		{944C56D9-B919-4A3C-8A81-6732F788CB49}.Release|ARM64.Build.0 = Release|ARM64
		{944C56D9-B919-4A3C-8A81-6732F788CB49}.Release|ARM64.Deploy.0 = Release|ARM64
		{944C56D9-B919-4A3C-8A81-6732F788CB49}.Release|x64.ActiveCfg = Release|x64
		{944C56D9-B919-4A3C-8A81-6732F788CB49}.Release|x64.Build.0 = Release|x64
		{944C56D9-B919-4A3C-8A81-6732F788CB49}.Release|x64.Deploy.0 = Release|x64
		{944C56D9-B919-4A3C-8A81-6732F788CB49}.Release|x86.ActiveCfg = Release|x86
		{944C56D9-B919-4A3C-8A81-6732F788CB49}.Release|x86.Build.0 = Release|x86
		{944C56D9-B919-4A3C-8A81-6732F788CB49}.Release|x86.Deploy.0 = Release|x86
		{D086CBFB-9BE9-49FD-9597-03771731DB11}.Debug|ARM.ActiveCfg = Debug|ARM
		{D086CBFB-9BE9-49FD-9597-03771731DB11}.Debug|ARM.Build.0 = Debug|ARM
		{D086CBFB-9BE9-49FD-9597-03771731DB11}.Debug|ARM.Deploy.0 = Debug|ARM
		{D086CBFB-9BE9-49FD-9597-03771731DB11}.Debug|ARM64.ActiveCfg = Debug|ARM64
		{D086CBFB-9BE9-49FD-9597-03771731DB11}.Debug|ARM64.Build.0 = Debug|ARM64
		{D086CBFB-9BE9-49FD-9597-03771731DB11}.Debug|ARM64.Deploy.0 = Debug|ARM64
		{D086CBFB-9BE9-49FD-9597-03771731DB11}.Debug|x64.ActiveCfg = Debug|x64
		{D086CBFB-9BE9-49FD-9597-03771731DB11}.Debug|x64.Build.0 = Debug|x64
		{D086CBFB-9BE9-49FD-9597-03771731DB11}.Debug|x64.Deploy.0 = Debug|x64
		{D086CBFB-9BE9-49FD-9597-03771731DB11}.Debug|x86.ActiveCfg = Debug|x86
		{D086CBFB-9BE9-49FD-9597-03771731DB11}.Debug|x86.Build.0 = Debug|x86
		{D086CBFB-9BE9-49FD-9597-03771731DB11}.Debug|x86.Deploy.0 = Debug|x86
		{D086CBFB-9BE9-49FD-9597-03771731DB11}.Release|ARM.ActiveCfg = Release|ARM
		{D086CBFB-9BE9-49FD-9597-03771731DB11}.Release|ARM.Build.0 = Release|ARM
		{D086CBFB-9BE9-49FD-9597-03771731DB11}.Release|ARM.Deploy.0 = Release|ARM
		{D086CBFB-9BE9-49FD-9597-03771731DB11}.Release|ARM64.ActiveCfg = Release|ARM64
		{D086CBFB-9BE9-49FD-9597-03771731DB11}.Release|ARM64.Build.0 = Release|ARM64
		{D086CBFB-9BE9-49FD-9597-03771731DB11}.Release|ARM64.Deploy.0 = Release|ARM64
		{D086CBFB-9BE9-49FD-9597-03771731DB11}.Release|x64.ActiveCfg = Release|x64
		{D086CBFB-9BE9-49FD-9597-03771731DB11}.Release|x64.Build.0 = Release|x64
		{D086CBFB-9BE9-49FD-9597-03771731DB11}.Release|x64.Deploy.0 = Release|x64
		{D086CBFB-9BE9-49FD-9597-03771731DB11}.Release|x86.ActiveCfg = Release|x86
		{D086CBFB-9BE9-49FD-9597-03771731DB11}.Release|x86.Build.0 = Release|x86
		{D086CBFB-9BE9-49FD-9597-03771731DB11}.Release|x86.Deploy.0 = Release|x86
		{D7E624D2-4C2E-46B0-B613-BE1DAC58FA5F}.Debug|ARM.ActiveCfg = Debug|ARM
		{D7E624D2-4C2E-46B0-B613-BE1DAC58FA5F}.Debug|ARM.Build.0 = Debug|ARM
		{D7E624D2-4C2E-46B0-B613-BE1DAC58FA5F}.Debug|ARM.Deploy.0 = Debug|ARM
		{D7E624D2-4C2E-46B0-B613-BE1DAC58FA5F}.Debug|ARM64.ActiveCfg = Debug|ARM64
		{D7E624D2-4C2E-46B0-B613-BE1DAC58FA5F}.Debug|ARM64.Build.0 = Debug|ARM64
		{D7E624D2-4C2E-46B0-B613-BE1DAC58FA5F}.Debug|ARM64.Deploy.0 = Debug|ARM64
		{D7E624D2-4C2E-46B0-B613-BE1DAC58FA5F}.Debug|x64.ActiveCfg = Debug|x64
		{D7E624D2-4C2E-46B0-B613-BE1DAC58FA5F}.Debug|x64.Build.0 = Debug|x64
		{D7E624D2-4C2E-46B0-B613-BE1DAC58FA5F}.Debug|x64.Deploy.0 = Debug|x64
		{D7E624D2-4C2E-46B0-B613-BE1DAC58FA5F}.Debug|x86.ActiveCfg = Debug|x86
		{D7E624D2-4C2E-46B0-B613-BE1DAC58FA5F}.Debug|x86.Build.0 = Debug|x86
		{D7E624D2-4C2E-46B0-B613-BE1DAC58FA5F}.Debug|x86.Deploy.0 = Debug|x86
		{D7E624D2-4C2E-46B0-B613-BE1DAC58FA5F}.Release|ARM.ActiveCfg = Release|ARM
		{D7E624D2-4C2E-46B0-B613-BE1DAC58FA5F}.Release|ARM.Build.0 = Release|ARM
		{D7E624D2-4C2E-46B0-B613-BE1DAC58FA5F}.Release|ARM.Deploy.0 = Release|ARM
		{D7E624D2-4C2E-46B0-B613-BE1DAC58FA5F}.Release|ARM64.ActiveCfg = Release|ARM64
		{D7E624D2-4C2E-46B0-B613-BE1DAC58FA5F}.Release|ARM64.Build.0 = Release|ARM64
		{D7E624D2-4C2E-46B0-B613-BE1DAC58FA5F}.Release|ARM64.Deploy.0 = Release|ARM64
		{D7E624D2-4C2E-46B0-B613-BE1DAC58FA5F}.Release|x64.ActiveCfg = Release|x64
		{D7E624D2-4C2E-46B0-B613-BE1DAC58FA5F}.Release|x64.Build.0 = Release|x64
		{D7E624D2-4C2E-46B0-B613-BE1DAC58FA5F}.Release|x64.Deploy.0 = Release|x64
		{D7E624D2-4C2E-46B0-B613-BE1DAC58FA5F}.Release|x86.ActiveCfg = Release|x86
		{D7E624D2-4C2E-46B0-B613-BE1DAC58FA5F}.Release|x86.Build.0 = Release|x86
		{D7E624D2-4C2E-46B0-B613-BE1DAC58FA5F}.Release|x86.Deploy.0 = Release|x86
	EndGlobalSection
	GlobalSection(SolutionProperties) = preSolution
		HideSolutionNode = FALSE
	EndGlobalSection
	GlobalSection(ExtensibilityGlobals) = postSolution
		SolutionGuid = {077D5222-0298-4A21-A4E4-B36381C1AA42}
	EndGlobalSection
EndGlobal
